
Microsoft Visual Studio Solution File, Format Version 12.00
# Visual Studio Version 16
VisualStudioVersion = 16.0.28922.388
MinimumVisualStudioVersion = 10.0.40219.1
Project("{FAE04EC0-301F-11D3-BF4B-00C04F79EFBC}") = "FitnessTracker.WebMVC", "FitnessTracker.WebMVC\FitnessTracker.WebMVC.csproj", "{4823218F-5AAD-4AB3-BC16-667315FD9283}"
EndProject
Project("{FAE04EC0-301F-11D3-BF4B-00C04F79EFBC}") = "FitnessTracker.Data", "FitnessTracker.Data\FitnessTracker.Data.csproj", "{BC7A3BDF-A7BB-493E-B1F3-12D4E63C671E}"
EndProject
Project("{FAE04EC0-301F-11D3-BF4B-00C04F79EFBC}") = "FitnessTracker.Models", "FitnessTracker.Models\FitnessTracker.Models.csproj", "{A647E656-BCFA-40D1-8B86-5126F4742E87}"
EndProject
Project("{FAE04EC0-301F-11D3-BF4B-00C04F79EFBC}") = "FitnessTracker.Contracts", "FitnessTracker.Contracts\FitnessTracker.Contracts.csproj", "{A15B57E8-25F6-4A59-9D9C-592F73FF030C}"
EndProject
Project("{FAE04EC0-301F-11D3-BF4B-00C04F79EFBC}") = "FitnessTracker.Services", "FitnessTracker.Services\FitnessTracker.Services.csproj", "{476DBC4C-96F3-45B7-8682-AFC9AB31A159}"
EndProject
Global
	GlobalSection(SolutionConfigurationPlatforms) = preSolution
		Debug|Any CPU = Debug|Any CPU
		Release|Any CPU = Release|Any CPU
	EndGlobalSection
	GlobalSection(ProjectConfigurationPlatforms) = postSolution
		{4823218F-5AAD-4AB3-BC16-667315FD9283}.Debug|Any CPU.ActiveCfg = Debug|Any CPU
		{4823218F-5AAD-4AB3-BC16-667315FD9283}.Debug|Any CPU.Build.0 = Debug|Any CPU
		{4823218F-5AAD-4AB3-BC16-667315FD9283}.Release|Any CPU.ActiveCfg = Release|Any CPU
		{4823218F-5AAD-4AB3-BC16-667315FD9283}.Release|Any CPU.Build.0 = Release|Any CPU
		{BC7A3BDF-A7BB-493E-B1F3-12D4E63C671E}.Debug|Any CPU.ActiveCfg = Debug|Any CPU
		{BC7A3BDF-A7BB-493E-B1F3-12D4E63C671E}.Debug|Any CPU.Build.0 = Debug|Any CPU
		{BC7A3BDF-A7BB-493E-B1F3-12D4E63C671E}.Release|Any CPU.ActiveCfg = Release|Any CPU
		{BC7A3BDF-A7BB-493E-B1F3-12D4E63C671E}.Release|Any CPU.Build.0 = Release|Any CPU
		{A647E656-BCFA-40D1-8B86-5126F4742E87}.Debug|Any CPU.ActiveCfg = Debug|Any CPU
		{A647E656-BCFA-40D1-8B86-5126F4742E87}.Debug|Any CPU.Build.0 = Debug|Any CPU
		{A647E656-BCFA-40D1-8B86-5126F4742E87}.Release|Any CPU.ActiveCfg = Release|Any CPU
		{A647E656-BCFA-40D1-8B86-5126F4742E87}.Release|Any CPU.Build.0 = Release|Any CPU
		{A15B57E8-25F6-4A59-9D9C-592F73FF030C}.Debug|Any CPU.ActiveCfg = Debug|Any CPU
		{A15B57E8-25F6-4A59-9D9C-592F73FF030C}.Debug|Any CPU.Build.0 = Debug|Any CPU
		{A15B57E8-25F6-4A59-9D9C-592F73FF030C}.Release|Any CPU.ActiveCfg = Release|Any CPU
		{A15B57E8-25F6-4A59-9D9C-592F73FF030C}.Release|Any CPU.Build.0 = Release|Any CPU
		{476DBC4C-96F3-45B7-8682-AFC9AB31A159}.Debug|Any CPU.ActiveCfg = Debug|Any CPU
		{476DBC4C-96F3-45B7-8682-AFC9AB31A159}.Debug|Any CPU.Build.0 = Debug|Any CPU
		{476DBC4C-96F3-45B7-8682-AFC9AB31A159}.Release|Any CPU.ActiveCfg = Release|Any CPU
		{476DBC4C-96F3-45B7-8682-AFC9AB31A159}.Release|Any CPU.Build.0 = Release|Any CPU
	EndGlobalSection
	GlobalSection(SolutionProperties) = preSolution
		HideSolutionNode = FALSE
	EndGlobalSection
	GlobalSection(ExtensibilityGlobals) = postSolution
		SolutionGuid = {DBAC0724-067F-4C7B-B013-4B5FE684A518}
	EndGlobalSection
EndGlobal
